
Microsoft Visual Studio Solution File, Format Version 12.00
# Visual Studio 14
VisualStudioVersion = 14.0.25420.1
MinimumVisualStudioVersion = 10.0.40219.1
Project("{FAE04EC0-301F-11D3-BF4B-00C04F79EFBC}") = "SoNSClassLibrary", "SoNSClassLibrary\SoNSClassLibrary.csproj", "{DF8DBD3C-844E-4881-A640-C0E1814EE3E7}"
EndProject
Project("{FAE04EC0-301F-11D3-BF4B-00C04F79EFBC}") = "SonsTestApp", "SonsTestApp\SonsTestApp.csproj", "{FE1768B3-6A45-4215-BE61-6ACF2388CC90}"
EndProject
Global
	GlobalSection(SolutionConfigurationPlatforms) = preSolution
		Debug|Any CPU = Debug|Any CPU
		Release|Any CPU = Release|Any CPU
	EndGlobalSection
	GlobalSection(ProjectConfigurationPlatforms) = postSolution
		{DF8DBD3C-844E-4881-A640-C0E1814EE3E7}.Debug|Any CPU.ActiveCfg = Debug|Any CPU
		{DF8DBD3C-844E-4881-A640-C0E1814EE3E7}.Debug|Any CPU.Build.0 = Debug|Any CPU
		{DF8DBD3C-844E-4881-A640-C0E1814EE3E7}.Release|Any CPU.ActiveCfg = Release|Any CPU
		{DF8DBD3C-844E-4881-A640-C0E1814EE3E7}.Release|Any CPU.Build.0 = Release|Any CPU
		{FE1768B3-6A45-4215-BE61-6ACF2388CC90}.Debug|Any CPU.ActiveCfg = Debug|Any CPU
		{FE1768B3-6A45-4215-BE61-6ACF2388CC90}.Debug|Any CPU.Build.0 = Debug|Any CPU
		{FE1768B3-6A45-4215-BE61-6ACF2388CC90}.Release|Any CPU.ActiveCfg = Release|Any CPU
		{FE1768B3-6A45-4215-BE61-6ACF2388CC90}.Release|Any CPU.Build.0 = Release|Any CPU
	EndGlobalSection
	GlobalSection(SolutionProperties) = preSolution
		HideSolutionNode = FALSE
	EndGlobalSection
EndGlobal
